{
  "nodes": {
    "nixpkgs": {
      "locked": {
        "lastModified": 1785084702,
        "narHash": "sha256-IJN0jnoBcn+28qwApWoeo6QBPj0ZBOXz2PXN3V/E8TU=",
        "owner": "NixOS",
        "repo": "nixpkgs",
        "rev": "38352561a0b868ad8f31c8125de3c6395c70ff42",
        "type": "github"
      },
      "original": {
        "owner": "NixOS",
        "ref": "nixos-unstable-small",
        "repo": "nixpkgs",
        "type": "github"
      }
    },
    "root": {
      "inputs": {
        "nixpkgs": "nixpkgs"
      }
    }
  },
  "root": "root",
  "version": 7
}
