{
  "nodes": {
    "nixpkgs": {
      "locked": {
        "lastModified": 1729450260,
        "narHash": "sha256-3GNZr0V4b19RZ5mlyiY/4F8N2pzitvjDU6aHMWjAqLI=",
        "owner": "NixOS",
        "repo": "nixpkgs",
        "rev": "e3f55158e7587c5a5fdb0e86eb7ca4f455f0928f",
        "type": "github"
      },
      "original": {
        "owner": "NixOS",
        "ref": "nixos-unstable-small",
        "repo": "nixpkgs",
        "type": "github"
      }
    },
    "root": {
      "inputs": {
        "nixpkgs": "nixpkgs"
      }
    }
  },
  "root": "root",
  "version": 7
}
