{
  "nodes": {
    "nixpkgs": {
      "locked": {
        "lastModified": 1726658796,
        "narHash": "sha256-SiiWCVg/W8i6jvpgQj3NNd3YtV+jfnn/t3Za7hfn1iE=",
        "owner": "NixOS",
        "repo": "nixpkgs",
        "rev": "75ac2a58e988a346960938ab16cea903a3cb053a",
        "type": "github"
      },
      "original": {
        "owner": "NixOS",
        "ref": "nixos-unstable-small",
        "repo": "nixpkgs",
        "type": "github"
      }
    },
    "root": {
      "inputs": {
        "nixpkgs": "nixpkgs"
      }
    }
  },
  "root": "root",
  "version": 7
}
