{
  "nodes": {
    "flake-compat": {
      "locked": {
        "lastModified": 1688025799,
        "narHash": "sha256-ktpB4dRtnksm9F5WawoIkEneh1nrEvuxb5lJFt1iOyw=",
        "owner": "nix-community",
        "repo": "flake-compat",
        "rev": "8bf105319d44f6b9f0d764efa4fdef9f1cc9ba1c",
        "type": "github"
      },
      "original": {
        "owner": "nix-community",
        "repo": "flake-compat",
        "type": "github"
      }
    },
    "mkdocs-numtide": {
      "inputs": {
        "nixpkgs": [
          "nixpkgs"
        ]
      },
      "locked": {
        "lastModified": 1687786869,
        "narHash": "sha256-KhaNnOTjj9FgPLtRHTFGa1RFXvSc+nF1UPcBiYf/CCY=",
        "owner": "numtide",
        "repo": "mkdocs-numtide",
        "rev": "b3008171c75083f2bf2f1dc4e6781d4737dfaa49",
        "type": "github"
      },
      "original": {
        "owner": "numtide",
        "repo": "mkdocs-numtide",
        "type": "github"
      }
    },
    "nixos-23_05": {
      "locked": {
        "lastModified": 1697583813,
        "narHash": "sha256-SRXK2EBMZHlOAs/5bjphhX9XnIKR6peTV6i7yoL6/Lg=",
        "owner": "NixOS",
        "repo": "nixpkgs",
        "rev": "b5f8ec6be261dfc44c3b56b220e2793d1b61512b",
        "type": "github"
      },
      "original": {
        "owner": "NixOS",
        "ref": "nixos-23.05",
        "repo": "nixpkgs",
        "type": "github"
      }
    },
    "nixpkgs": {
      "locked": {
        "lastModified": 1697538484,
        "narHash": "sha256-Snkk4LL4L3nqRiAJ6/BO9vTnuxbWZhR8jGlfAB5ohPY=",
        "owner": "NixOS",
        "repo": "nixpkgs",
        "rev": "2cb9af4323c64c93e8df3cae5988a53b8687ef3f",
        "type": "github"
      },
      "original": {
        "owner": "NixOS",
        "ref": "nixos-unstable-small",
        "repo": "nixpkgs",
        "type": "github"
      }
    },
    "root": {
      "inputs": {
        "flake-compat": "flake-compat",
        "mkdocs-numtide": "mkdocs-numtide",
        "nixos-23_05": "nixos-23_05",
        "nixpkgs": [
          "srvos",
          "nixpkgs"
        ],
        "srvos": "srvos",
        "treefmt-nix": "treefmt-nix"
      }
    },
    "srvos": {
      "inputs": {
        "nixpkgs": "nixpkgs"
      },
      "locked": {
        "lastModified": 0,
        "narHash": "sha256-Jo3BxOpvdJfAM/woR9kK2oXI4Ro0EywyJcyIXnuDWkE=",
        "path": "../",
        "type": "path"
      },
      "original": {
        "path": "../",
        "type": "path"
      }
    },
    "treefmt-nix": {
      "inputs": {
        "nixpkgs": [
          "nixpkgs"
        ]
      },
      "locked": {
        "lastModified": 1697388351,
        "narHash": "sha256-63N2eBpKaziIy4R44vjpUu8Nz5fCJY7okKrkixvDQmY=",
        "owner": "numtide",
        "repo": "treefmt-nix",
        "rev": "aae39f64f5ecbe89792d05eacea5cb241891292a",
        "type": "github"
      },
      "original": {
        "owner": "numtide",
        "repo": "treefmt-nix",
        "type": "github"
      }
    }
  },
  "root": "root",
  "version": 7
}
