{
  "nodes": {
    "flake-compat": {
      "locked": {
        "lastModified": 1688025799,
        "narHash": "sha256-ktpB4dRtnksm9F5WawoIkEneh1nrEvuxb5lJFt1iOyw=",
        "owner": "nix-community",
        "repo": "flake-compat",
        "rev": "8bf105319d44f6b9f0d764efa4fdef9f1cc9ba1c",
        "type": "github"
      },
      "original": {
        "owner": "nix-community",
        "repo": "flake-compat",
        "type": "github"
      }
    },
    "mkdocs-numtide": {
      "inputs": {
        "nixpkgs": [
          "nixpkgs"
        ]
      },
      "locked": {
        "lastModified": 1687786869,
        "narHash": "sha256-KhaNnOTjj9FgPLtRHTFGa1RFXvSc+nF1UPcBiYf/CCY=",
        "owner": "numtide",
        "repo": "mkdocs-numtide",
        "rev": "b3008171c75083f2bf2f1dc4e6781d4737dfaa49",
        "type": "github"
      },
      "original": {
        "owner": "numtide",
        "repo": "mkdocs-numtide",
        "type": "github"
      }
    },
    "nixos-23_05": {
      "locked": {
        "lastModified": 1698846319,
        "narHash": "sha256-4jyW/dqFBVpWFnhl0nvP6EN4lP7/ZqPxYRjl6var0Oc=",
        "owner": "NixOS",
        "repo": "nixpkgs",
        "rev": "34bdaaf1f0b7fb6d9091472edc968ff10a8c2857",
        "type": "github"
      },
      "original": {
        "owner": "NixOS",
        "ref": "nixos-23.05",
        "repo": "nixpkgs",
        "type": "github"
      }
    },
    "nixpkgs": {
      "locked": {
        "lastModified": 1698800439,
        "narHash": "sha256-SrAwRi266j7U9XqCl0qPwsvcFiQ55iPXEK36ZX6QPjE=",
        "owner": "NixOS",
        "repo": "nixpkgs",
        "rev": "0ac7840a74c53b62f124e86fcde8cdd45f2bc131",
        "type": "github"
      },
      "original": {
        "owner": "NixOS",
        "ref": "nixos-unstable-small",
        "repo": "nixpkgs",
        "type": "github"
      }
    },
    "root": {
      "inputs": {
        "flake-compat": "flake-compat",
        "mkdocs-numtide": "mkdocs-numtide",
        "nixos-23_05": "nixos-23_05",
        "nixpkgs": [
          "srvos",
          "nixpkgs"
        ],
        "srvos": "srvos",
        "treefmt-nix": "treefmt-nix"
      }
    },
    "srvos": {
      "inputs": {
        "nixpkgs": "nixpkgs"
      },
      "locked": {
        "lastModified": 0,
        "narHash": "sha256-FAzQzFfWbl6iM8Kroo2I1p0F9Zlog0/BLqFMzj5nUCY=",
        "path": "../",
        "type": "path"
      },
      "original": {
        "path": "../",
        "type": "path"
      }
    },
    "treefmt-nix": {
      "inputs": {
        "nixpkgs": [
          "nixpkgs"
        ]
      },
      "locked": {
        "lastModified": 1698438538,
        "narHash": "sha256-AWxaKTDL3MtxaVTVU5lYBvSnlspOS0Fjt8GxBgnU0Do=",
        "owner": "numtide",
        "repo": "treefmt-nix",
        "rev": "5deb8dc125a9f83b65ca86cf0c8167c46593e0b1",
        "type": "github"
      },
      "original": {
        "owner": "numtide",
        "repo": "treefmt-nix",
        "type": "github"
      }
    }
  },
  "root": "root",
  "version": 7
}
