{
  "nodes": {
    "flake-compat": {
      "locked": {
        "lastModified": 1688025799,
        "narHash": "sha256-ktpB4dRtnksm9F5WawoIkEneh1nrEvuxb5lJFt1iOyw=",
        "owner": "nix-community",
        "repo": "flake-compat",
        "rev": "8bf105319d44f6b9f0d764efa4fdef9f1cc9ba1c",
        "type": "github"
      },
      "original": {
        "owner": "nix-community",
        "repo": "flake-compat",
        "type": "github"
      }
    },
    "mkdocs-numtide": {
      "inputs": {
        "nixpkgs": [
          "nixpkgs"
        ]
      },
      "locked": {
        "lastModified": 1687786869,
        "narHash": "sha256-KhaNnOTjj9FgPLtRHTFGa1RFXvSc+nF1UPcBiYf/CCY=",
        "owner": "numtide",
        "repo": "mkdocs-numtide",
        "rev": "b3008171c75083f2bf2f1dc4e6781d4737dfaa49",
        "type": "github"
      },
      "original": {
        "owner": "numtide",
        "repo": "mkdocs-numtide",
        "type": "github"
      }
    },
    "nixos-23_05": {
      "locked": {
        "lastModified": 1689956312,
        "narHash": "sha256-NV9yamMhE5jgz+ZSM2IgXeYqOvmGIbIIJ+AFIhfD7Ek=",
        "owner": "NixOS",
        "repo": "nixpkgs",
        "rev": "6da4bc6cb07cba1b8e53d139cbf1d2fb8061d967",
        "type": "github"
      },
      "original": {
        "owner": "NixOS",
        "ref": "nixos-23.05",
        "repo": "nixpkgs",
        "type": "github"
      }
    },
    "nixpkgs": {
      "locked": {
        "lastModified": 1690179384,
        "narHash": "sha256-+arbgqFTAtoeKtepW9wCnA0njCOyoiDFyl0Q0SBSOtE=",
        "owner": "NixOS",
        "repo": "nixpkgs",
        "rev": "b12803b6d90e2e583429bb79b859ca53c348b39a",
        "type": "github"
      },
      "original": {
        "owner": "NixOS",
        "ref": "nixos-unstable-small",
        "repo": "nixpkgs",
        "type": "github"
      }
    },
    "root": {
      "inputs": {
        "flake-compat": "flake-compat",
        "mkdocs-numtide": "mkdocs-numtide",
        "nixos-23_05": "nixos-23_05",
        "nixpkgs": [
          "srvos",
          "nixpkgs"
        ],
        "srvos": "srvos",
        "treefmt-nix": "treefmt-nix"
      }
    },
    "srvos": {
      "inputs": {
        "nixpkgs": "nixpkgs"
      },
      "locked": {
        "lastModified": 0,
        "narHash": "sha256-FHw8fi5iGq8M3F0VWW06V3YByZPLPw4dw648VeNjIZk=",
        "path": "../",
        "type": "path"
      },
      "original": {
        "path": "../",
        "type": "path"
      }
    },
    "treefmt-nix": {
      "inputs": {
        "nixpkgs": [
          "nixpkgs"
        ]
      },
      "locked": {
        "lastModified": 1689620039,
        "narHash": "sha256-BtNwghr05z7k5YMdq+6nbue+nEalvDepuA7qdQMAKoQ=",
        "owner": "numtide",
        "repo": "treefmt-nix",
        "rev": "719c2977f958c41fa60a928e2fbc50af14844114",
        "type": "github"
      },
      "original": {
        "owner": "numtide",
        "repo": "treefmt-nix",
        "type": "github"
      }
    }
  },
  "root": "root",
  "version": 7
}
