{
  "nodes": {
    "flake-compat": {
      "flake": false,
      "locked": {
        "lastModified": 1696426674,
        "narHash": "sha256-kvjfFW7WAETZlt09AgDn1MrtKzP7t90Vf7vypd3OL1U=",
        "owner": "edolstra",
        "repo": "flake-compat",
        "rev": "0f9255e01c2351cc7d116c072cb317785dd33b33",
        "type": "github"
      },
      "original": {
        "owner": "edolstra",
        "repo": "flake-compat",
        "type": "github"
      }
    },
    "flake-parts": {
      "inputs": {
        "nixpkgs-lib": [
          "nixpkgs-dev"
        ]
      },
      "locked": {
        "lastModified": 1736143030,
        "narHash": "sha256-+hu54pAoLDEZT9pjHlqL9DNzWz0NbUn8NEAHP7PQPzU=",
        "owner": "hercules-ci",
        "repo": "flake-parts",
        "rev": "b905f6fc23a9051a6e1b741e1438dbfc0634c6de",
        "type": "github"
      },
      "original": {
        "owner": "hercules-ci",
        "repo": "flake-parts",
        "type": "github"
      }
    },
    "git-hooks-nix": {
      "inputs": {
        "flake-compat": "flake-compat",
        "gitignore": "gitignore",
        "nixpkgs": []
      },
      "locked": {
        "lastModified": 1737465171,
        "narHash": "sha256-R10v2hoJRLq8jcL4syVFag7nIGE7m13qO48wRIukWNg=",
        "owner": "cachix",
        "repo": "git-hooks.nix",
        "rev": "9364dc02281ce2d37a1f55b6e51f7c0f65a75f17",
        "type": "github"
      },
      "original": {
        "owner": "cachix",
        "repo": "git-hooks.nix",
        "type": "github"
      }
    },
    "gitignore": {
      "inputs": {
        "nixpkgs": [
          "git-hooks-nix",
          "nixpkgs"
        ]
      },
      "locked": {
        "lastModified": 1709087332,
        "narHash": "sha256-HG2cCnktfHsKV0s4XW83gU3F57gaTljL9KNSuG6bnQs=",
        "owner": "hercules-ci",
        "repo": "gitignore.nix",
        "rev": "637db329424fd7e46cf4185293b9cc8c88c95394",
        "type": "github"
      },
      "original": {
        "owner": "hercules-ci",
        "repo": "gitignore.nix",
        "type": "github"
      }
    },
    "mkdocs-numtide": {
      "inputs": {
        "nixpkgs": [
          "nixpkgs-dev"
        ]
      },
      "locked": {
        "lastModified": 1722954520,
        "narHash": "sha256-tRW6zKvxLaD2Xejm0gumtXMIw70+1Zp58LbRBaGvHlA=",
        "owner": "numtide",
        "repo": "mkdocs-numtide",
        "rev": "5cab0db44c728b0152187a439dec642e8ec1c72b",
        "type": "github"
      },
      "original": {
        "owner": "numtide",
        "repo": "mkdocs-numtide",
        "type": "github"
      }
    },
    "nix-darwin": {
      "inputs": {
        "nixpkgs": [
          "nixpkgs-dev"
        ]
      },
      "locked": {
        "lastModified": 1737504076,
        "narHash": "sha256-/B4XJnzYU/6K1ZZOBIgsa3K4pqDJrnC2579c44c+4rI=",
        "owner": "LnL7",
        "repo": "nix-darwin",
        "rev": "65cc1fa8e36ceff067daf6cfb142331f02f524d3",
        "type": "github"
      },
      "original": {
        "owner": "LnL7",
        "repo": "nix-darwin",
        "type": "github"
      }
    },
    "nixos-stable": {
      "locked": {
        "lastModified": 1737404927,
        "narHash": "sha256-e1WgPJpIYbOuokjgylcsuoEUCB4Jl2rQXa2LUD6XAG8=",
        "owner": "NixOS",
        "repo": "nixpkgs",
        "rev": "ae584d90cbd0396a422289ee3efb1f1c9d141dc3",
        "type": "github"
      },
      "original": {
        "owner": "NixOS",
        "ref": "nixos-24.11",
        "repo": "nixpkgs",
        "type": "github"
      }
    },
    "nixpkgs-dev": {
      "locked": {
        "lastModified": 1737556089,
        "narHash": "sha256-hToO01UT2ENoQKWVopBuGV78ZprcxjqsPVFdddcynj4=",
        "owner": "NixOS",
        "repo": "nixpkgs",
        "rev": "2fc5aeb049f44ed4f9e877cda8a1c334612e1d7a",
        "type": "github"
      },
      "original": {
        "owner": "NixOS",
        "ref": "nixos-unstable-small",
        "repo": "nixpkgs",
        "type": "github"
      }
    },
    "root": {
      "inputs": {
        "flake-parts": "flake-parts",
        "git-hooks-nix": "git-hooks-nix",
        "mkdocs-numtide": "mkdocs-numtide",
        "nix-darwin": "nix-darwin",
        "nixos-stable": "nixos-stable",
        "nixpkgs-dev": "nixpkgs-dev",
        "treefmt-nix": "treefmt-nix"
      }
    },
    "treefmt-nix": {
      "inputs": {
        "nixpkgs": []
      },
      "locked": {
        "lastModified": 1737483750,
        "narHash": "sha256-5An1wq5U8sNycOBBg3nsDDgpwBmR9liOpDGlhliA6Xo=",
        "owner": "numtide",
        "repo": "treefmt-nix",
        "rev": "f2cc121df15418d028a59c9737d38e3a90fbaf8f",
        "type": "github"
      },
      "original": {
        "owner": "numtide",
        "repo": "treefmt-nix",
        "type": "github"
      }
    }
  },
  "root": "root",
  "version": 7
}
